PODS:
  - Alamofire (3.3.1)
  - Crashlytics (3.7.2):
    - Fabric (~> 1.6.3)
  - Fabric (1.6.7)
  - Kanna (1.0.6)
  - KeychainAccess (2.3.5)
  - Networking (1.1.0)
  - Sparkle (1.14.0)
  - UCSiding (0.1.2):
    - Networking (~> 1)

DEPENDENCIES:
  - Alamofire (~> 3.3.0)
  - Crashlytics
  - Fabric
  - Kanna (~> 1.0.6)
  - KeychainAccess (~> 2.3.5)
  - Sparkle (~> 1.14)
  - UCSiding (from `../UCSiding`)

EXTERNAL SOURCES:
  UCSiding:
    :path: "../UCSiding"

SPEC CHECKSUMS:
  Alamofire: 369bc67b6f5ac33ded3648d7bd21c5bfb91c2ecc
  Crashlytics: 130ab943f8c78cda7a814b434f270b2e2c8a3cba
  Fabric: caf7580c725e64db144f610ac65cd60956911dc7
  Kanna: 9f30945bbd293a609f698ea164687ccc0990ff60
  KeychainAccess: e283c1981a6c5655e1984cd411c6faf16fa165ae
  Networking: 20a1714d673bc077aad2bd2d539007ea6087662f
  Sparkle: ccd95233b12a3e3d4eeb55ff01dd4c8bb8188b07
  UCSiding: 0d35886ea6038d5540fea1bbd4698f1cdbb1da94

PODFILE CHECKSUM: 55d5d6d4021fcfe4995494f311b1dc90e2a18f1a

COCOAPODS: 1.0.1
