// !$*UTF8*$!
{
	archiveVersion = 1;
	classes = {
	};
	objectVersion = 46;
	objects = {

/* Begin PBXBuildFile section */
		0324FF0A1D3728D6003E72F3 /* MainViewModel.swift in Sources */ = {isa = PBXBuildFile; fileRef = 0324FF091D3728D6003E72F3 /* MainViewModel.swift */; };
		0324FF0C1D372968003E72F3 /* Settings.swift in Sources */ = {isa = PBXBuildFile; fileRef = 0324FF0B1D372968003E72F3 /* Settings.swift */; };
		036F148A1C95081100462FBE /* Constants.swift in Sources */ = {isa = PBXBuildFile; fileRef = 036F14891C95081100462FBE /* Constants.swift */; };
		036F148C1C95082D00462FBE /* Segue.swift in Sources */ = {isa = PBXBuildFile; fileRef = 036F148B1C95082D00462FBE /* Segue.swift */; };
		036F148E1C95088500462FBE /* Extensions.swift in Sources */ = {isa = PBXBuildFile; fileRef = 036F148D1C95088500462FBE /* Extensions.swift */; };
		036F14901C95090900462FBE /* SidingParserDelegate.swift in Sources */ = {isa = PBXBuildFile; fileRef = 036F148F1C95090900462FBE /* SidingParserDelegate.swift */; };
		036F14921C95102400462FBE /* Utilities.swift in Sources */ = {isa = PBXBuildFile; fileRef = 036F14911C95102400462FBE /* Utilities.swift */; };
		03A398B91CB17B1600E3EE76 /* Appcast.xml in Resources */ = {isa = PBXBuildFile; fileRef = 03A398B81CB17B1600E3EE76 /* Appcast.xml */; };
		03DE2FCF1C8F7A4000BF1327 /* AppDelegate.swift in Sources */ = {isa = PBXBuildFile; fileRef = 03DE2FCE1C8F7A4000BF1327 /* AppDelegate.swift */; };
		03DE2FD11C8F7A4000BF1327 /* MainViewController.swift in Sources */ = {isa = PBXBuildFile; fileRef = 03DE2FD01C8F7A4000BF1327 /* MainViewController.swift */; };
		03DE2FD31C8F7A4000BF1327 /* Assets.xcassets in Resources */ = {isa = PBXBuildFile; fileRef = 03DE2FD21C8F7A4000BF1327 /* Assets.xcassets */; };
		03DE2FD61C8F7A4000BF1327 /* Main.storyboard in Resources */ = {isa = PBXBuildFile; fileRef = 03DE2FD41C8F7A4000BF1327 /* Main.storyboard */; };
		03DE2FE11C8F7A4000BF1327 /* SincdingTests.swift in Sources */ = {isa = PBXBuildFile; fileRef = 03DE2FE01C8F7A4000BF1327 /* SincdingTests.swift */; };
		03DE2FFF1C8F874E00BF1327 /* SidingParser.swift in Sources */ = {isa = PBXBuildFile; fileRef = 03DE2FFE1C8F874E00BF1327 /* SidingParser.swift */; };
		03DE30011C8FA87C00BF1327 /* File.swift in Sources */ = {isa = PBXBuildFile; fileRef = 03DE30001C8FA87C00BF1327 /* File.swift */; };
		03F9C8581C90D61D005D67B3 /* LogViewController.swift in Sources */ = {isa = PBXBuildFile; fileRef = 03F9C8571C90D61D005D67B3 /* LogViewController.swift */; };
		2BA5F9DD5FFE143FF551BCF7 /* Pods_Sincding.framework in Frameworks */ = {isa = PBXBuildFile; fileRef = 96330FBF215C0BD8A787D7F1 /* Pods_Sincding.framework */; };
		3DFE7871274B4BED44BA8D0F /* Pods_SincdingTests.framework in Frameworks */ = {isa = PBXBuildFile; fileRef = 3ED58CE028011B39BD35D077 /* Pods_SincdingTests.framework */; };
/* End PBXBuildFile section */

/* Begin PBXContainerItemProxy section */
		03DE2FDD1C8F7A4000BF1327 /* PBXContainerItemProxy */ = {
			isa = PBXContainerItemProxy;
			containerPortal = 03DE2FC31C8F7A4000BF1327 /* Project object */;
			proxyType = 1;
			remoteGlobalIDString = 03DE2FCA1C8F7A4000BF1327;
			remoteInfo = Sincding;
		};
/* End PBXContainerItemProxy section */

/* Begin PBXFileReference section */
		0324FF091D3728D6003E72F3 /* MainViewModel.swift */ = {isa = PBXFileReference; fileEncoding = 4; lastKnownFileType = sourcecode.swift; path = MainViewModel.swift; sourceTree = "<group>"; };
		0324FF0B1D372968003E72F3 /* Settings.swift */ = {isa = PBXFileReference; fileEncoding = 4; lastKnownFileType = sourcecode.swift; path = Settings.swift; sourceTree = "<group>"; };
		036F14891C95081100462FBE /* Constants.swift */ = {isa = PBXFileReference; fileEncoding = 4; lastKnownFileType = sourcecode.swift; path = Constants.swift; sourceTree = "<group>"; };
		036F148B1C95082D00462FBE /* Segue.swift */ = {isa = PBXFileReference; fileEncoding = 4; lastKnownFileType = sourcecode.swift; path = Segue.swift; sourceTree = "<group>"; };
		036F148D1C95088500462FBE /* Extensions.swift */ = {isa = PBXFileReference; fileEncoding = 4; lastKnownFileType = sourcecode.swift; path = Extensions.swift; sourceTree = "<group>"; };
		036F148F1C95090900462FBE /* SidingParserDelegate.swift */ = {isa = PBXFileReference; fileEncoding = 4; lastKnownFileType = sourcecode.swift; path = SidingParserDelegate.swift; sourceTree = "<group>"; };
		036F14911C95102400462FBE /* Utilities.swift */ = {isa = PBXFileReference; fileEncoding = 4; lastKnownFileType = sourcecode.swift; path = Utilities.swift; sourceTree = "<group>"; };
		03A398B81CB17B1600E3EE76 /* Appcast.xml */ = {isa = PBXFileReference; fileEncoding = 4; lastKnownFileType = text.xml; path = Appcast.xml; sourceTree = "<group>"; };
		03DE2FCB1C8F7A4000BF1327 /* Sincding.app */ = {isa = PBXFileReference; explicitFileType = wrapper.application; includeInIndex = 0; path = Sincding.app; sourceTree = BUILT_PRODUCTS_DIR; };
		03DE2FCE1C8F7A4000BF1327 /* AppDelegate.swift */ = {isa = PBXFileReference; lastKnownFileType = sourcecode.swift; path = AppDelegate.swift; sourceTree = "<group>"; };
		03DE2FD01C8F7A4000BF1327 /* MainViewController.swift */ = {isa = PBXFileReference; lastKnownFileType = sourcecode.swift; path = MainViewController.swift; sourceTree = "<group>"; };
		03DE2FD21C8F7A4000BF1327 /* Assets.xcassets */ = {isa = PBXFileReference; lastKnownFileType = folder.assetcatalog; path = Assets.xcassets; sourceTree = "<group>"; };
		03DE2FD51C8F7A4000BF1327 /* Base */ = {isa = PBXFileReference; lastKnownFileType = file.storyboard; name = Base; path = Base.lproj/Main.storyboard; sourceTree = "<group>"; };
		03DE2FD71C8F7A4000BF1327 /* Info.plist */ = {isa = PBXFileReference; lastKnownFileType = text.plist.xml; path = Info.plist; sourceTree = "<group>"; };
		03DE2FDC1C8F7A4000BF1327 /* Sincding.xctest */ = {isa = PBXFileReference; explicitFileType = wrapper.cfbundle; includeInIndex = 0; path = Sincding.xctest; sourceTree = BUILT_PRODUCTS_DIR; };
		03DE2FE01C8F7A4000BF1327 /* SincdingTests.swift */ = {isa = PBXFileReference; lastKnownFileType = sourcecode.swift; path = SincdingTests.swift; sourceTree = "<group>"; };
		03DE2FE21C8F7A4000BF1327 /* Info.plist */ = {isa = PBXFileReference; lastKnownFileType = text.plist.xml; path = Info.plist; sourceTree = "<group>"; };
		03DE2FFE1C8F874E00BF1327 /* SidingParser.swift */ = {isa = PBXFileReference; fileEncoding = 4; lastKnownFileType = sourcecode.swift; path = SidingParser.swift; sourceTree = "<group>"; };
		03DE30001C8FA87C00BF1327 /* File.swift */ = {isa = PBXFileReference; fileEncoding = 4; lastKnownFileType = sourcecode.swift; path = File.swift; sourceTree = "<group>"; };
		03F9C8571C90D61D005D67B3 /* LogViewController.swift */ = {isa = PBXFileReference; fileEncoding = 4; lastKnownFileType = sourcecode.swift; path = LogViewController.swift; sourceTree = "<group>"; };
		3569677F2E7E6B948BFA080D /* Pods-Sincding.release.xcconfig */ = {isa = PBXFileReference; includeInIndex = 1; lastKnownFileType = text.xcconfig; name = "Pods-Sincding.release.xcconfig"; path = "Pods/Target Support Files/Pods-Sincding/Pods-Sincding.release.xcconfig"; sourceTree = "<group>"; };
		3ED58CE028011B39BD35D077 /* Pods_SincdingTests.framework */ = {isa = PBXFileReference; explicitFileType = wrapper.framework; includeInIndex = 0; path = Pods_SincdingTests.framework; sourceTree = BUILT_PRODUCTS_DIR; };
		476F61C78455DD62E2AC8958 /* Pods-Sincding.debug.xcconfig */ = {isa = PBXFileReference; includeInIndex = 1; lastKnownFileType = text.xcconfig; name = "Pods-Sincding.debug.xcconfig"; path = "Pods/Target Support Files/Pods-Sincding/Pods-Sincding.debug.xcconfig"; sourceTree = "<group>"; };
		96330FBF215C0BD8A787D7F1 /* Pods_Sincding.framework */ = {isa = PBXFileReference; explicitFileType = wrapper.framework; includeInIndex = 0; path = Pods_Sincding.framework; sourceTree = BUILT_PRODUCTS_DIR; };
		D12762434AEB813DD3F6E9C9 /* Pods-SincdingTests.debug.xcconfig */ = {isa = PBXFileReference; includeInIndex = 1; lastKnownFileType = text.xcconfig; name = "Pods-SincdingTests.debug.xcconfig"; path = "Pods/Target Support Files/Pods-SincdingTests/Pods-SincdingTests.debug.xcconfig"; sourceTree = "<group>"; };
		D84C0734308CE2A3F1B78557 /* Pods-SincdingTests.release.xcconfig */ = {isa = PBXFileReference; includeInIndex = 1; lastKnownFileType = text.xcconfig; name = "Pods-SincdingTests.release.xcconfig"; path = "Pods/Target Support Files/Pods-SincdingTests/Pods-SincdingTests.release.xcconfig"; sourceTree = "<group>"; };
/* End PBXFileReference section */

/* Begin PBXFrameworksBuildPhase section */
		03DE2FC81C8F7A4000BF1327 /* Frameworks */ = {
			isa = PBXFrameworksBuildPhase;
			buildActionMask = 2147483647;
			files = (
				2BA5F9DD5FFE143FF551BCF7 /* Pods_Sincding.framework in Frameworks */,
			);
			runOnlyForDeploymentPostprocessing = 0;
		};
		03DE2FD91C8F7A4000BF1327 /* Frameworks */ = {
			isa = PBXFrameworksBuildPhase;
			buildActionMask = 2147483647;
			files = (
				3DFE7871274B4BED44BA8D0F /* Pods_SincdingTests.framework in Frameworks */,
			);
			runOnlyForDeploymentPostprocessing = 0;
		};
/* End PBXFrameworksBuildPhase section */

/* Begin PBXGroup section */
		03DE2FC21C8F7A4000BF1327 = {
			isa = PBXGroup;
			children = (
				03DE2FCD1C8F7A4000BF1327 /* Sincding */,
				03DE2FDF1C8F7A4000BF1327 /* SincdingTests */,
				03DE2FCC1C8F7A4000BF1327 /* Products */,
				C031C869F48F374FFCC6311F /* Pods */,
				AFE858EE697CE47E324A9B31 /* Frameworks */,
			);
			sourceTree = "<group>";
		};
		03DE2FCC1C8F7A4000BF1327 /* Products */ = {
			isa = PBXGroup;
			children = (
				03DE2FCB1C8F7A4000BF1327 /* Sincding.app */,
				03DE2FDC1C8F7A4000BF1327 /* Sincding.xctest */,
			);
			name = Products;
			sourceTree = "<group>";
		};
		03DE2FCD1C8F7A4000BF1327 /* Sincding */ = {
			isa = PBXGroup;
			children = (
				03DE2FCE1C8F7A4000BF1327 /* AppDelegate.swift */,
				03DE2FD01C8F7A4000BF1327 /* MainViewController.swift */,
				0324FF091D3728D6003E72F3 /* MainViewModel.swift */,
				0324FF0B1D372968003E72F3 /* Settings.swift */,
				03F9C8571C90D61D005D67B3 /* LogViewController.swift */,
				03DE2FFE1C8F874E00BF1327 /* SidingParser.swift */,
				03DE30001C8FA87C00BF1327 /* File.swift */,
				036F14891C95081100462FBE /* Constants.swift */,
				036F148B1C95082D00462FBE /* Segue.swift */,
				036F148D1C95088500462FBE /* Extensions.swift */,
				036F14911C95102400462FBE /* Utilities.swift */,
				036F148F1C95090900462FBE /* SidingParserDelegate.swift */,
				03DE2FD21C8F7A4000BF1327 /* Assets.xcassets */,
				03DE2FD41C8F7A4000BF1327 /* Main.storyboard */,
				03DE2FD71C8F7A4000BF1327 /* Info.plist */,
				03A398B81CB17B1600E3EE76 /* Appcast.xml */,
			);
			path = Sincding;
			sourceTree = "<group>";
		};
		03DE2FDF1C8F7A4000BF1327 /* SincdingTests */ = {
			isa = PBXGroup;
			children = (
				03DE2FE01C8F7A4000BF1327 /* SincdingTests.swift */,
				03DE2FE21C8F7A4000BF1327 /* Info.plist */,
			);
			path = SincdingTests;
			sourceTree = "<group>";
		};
		AFE858EE697CE47E324A9B31 /* Frameworks */ = {
			isa = PBXGroup;
			children = (
				96330FBF215C0BD8A787D7F1 /* Pods_Sincding.framework */,
				3ED58CE028011B39BD35D077 /* Pods_SincdingTests.framework */,
			);
			name = Frameworks;
			sourceTree = "<group>";
		};
		C031C869F48F374FFCC6311F /* Pods */ = {
			isa = PBXGroup;
			children = (
				476F61C78455DD62E2AC8958 /* Pods-Sincding.debug.xcconfig */,
				3569677F2E7E6B948BFA080D /* Pods-Sincding.release.xcconfig */,
				D12762434AEB813DD3F6E9C9 /* Pods-SincdingTests.debug.xcconfig */,
				D84C0734308CE2A3F1B78557 /* Pods-SincdingTests.release.xcconfig */,
			);
			name = Pods;
			sourceTree = "<group>";
		};
/* End PBXGroup section */

/* Begin PBXNativeTarget section */
		03DE2FCA1C8F7A4000BF1327 /* Sincding */ = {
			isa = PBXNativeTarget;
			buildConfigurationList = 03DE2FF01C8F7A4000BF1327 /* Build configuration list for PBXNativeTarget "Sincding" */;
			buildPhases = (
				87B6E69E4EDC212D1C5CB220 /* [CP] Check Pods Manifest.lock */,
				03DE2FFA1C8F7BAA00BF1327 /* Check TODO, FIXME, ERROR */,
				03DE2FC71C8F7A4000BF1327 /* Sources */,
				03DE2FC81C8F7A4000BF1327 /* Frameworks */,
				03DE2FC91C8F7A4000BF1327 /* Resources */,
				03DE2FF91C8F7BA400BF1327 /* Fabric */,
				250E923568706DB3BB6D8DA5 /* [CP] Embed Pods Frameworks */,
				DD67333DBE3C30B1FB323AE8 /* [CP] Copy Pods Resources */,
			);
			buildRules = (
			);
			dependencies = (
			);
			name = Sincding;
			productName = Sincding;
			productReference = 03DE2FCB1C8F7A4000BF1327 /* Sincding.app */;
			productType = "com.apple.product-type.application";
		};
		03DE2FDB1C8F7A4000BF1327 /* SincdingTests */ = {
			isa = PBXNativeTarget;
			buildConfigurationList = 03DE2FF31C8F7A4000BF1327 /* Build configuration list for PBXNativeTarget "SincdingTests" */;
			buildPhases = (
				233890B854A412B9CADDB3F6 /* [CP] Check Pods Manifest.lock */,
				03DE2FD81C8F7A4000BF1327 /* Sources */,
				03DE2FD91C8F7A4000BF1327 /* Frameworks */,
				03DE2FDA1C8F7A4000BF1327 /* Resources */,
				D0E21D9FFD59610FD64C208F /* [CP] Embed Pods Frameworks */,
				78D9853E66A5A1369C344897 /* [CP] Copy Pods Resources */,
			);
			buildRules = (
			);
			dependencies = (
				03DE2FDE1C8F7A4000BF1327 /* PBXTargetDependency */,
			);
			name = SincdingTests;
			productName = SincdingTests;
			productReference = 03DE2FDC1C8F7A4000BF1327 /* Sincding.xctest */;
			productType = "com.apple.product-type.bundle.unit-test";
		};
/* End PBXNativeTarget section */

/* Begin PBXProject section */
		03DE2FC31C8F7A4000BF1327 /* Project object */ = {
			isa = PBXProject;
			attributes = {
				LastSwiftUpdateCheck = 0720;
				LastUpgradeCheck = 0720;
				ORGANIZATIONNAME = "Nicolás Gebauer";
				TargetAttributes = {
					03DE2FCA1C8F7A4000BF1327 = {
						CreatedOnToolsVersion = 7.2.1;
						DevelopmentTeam = BJJKE72WM4;
						SystemCapabilities = {
							com.apple.Keychain = {
								enabled = 0;
							};
						};
					};
					03DE2FDB1C8F7A4000BF1327 = {
						CreatedOnToolsVersion = 7.2.1;
						TestTargetID = 03DE2FCA1C8F7A4000BF1327;
					};
				};
			};
			buildConfigurationList = 03DE2FC61C8F7A4000BF1327 /* Build configuration list for PBXProject "Sincding" */;
			compatibilityVersion = "Xcode 3.2";
			developmentRegion = English;
			hasScannedForEncodings = 0;
			knownRegions = (
				en,
				Base,
			);
			mainGroup = 03DE2FC21C8F7A4000BF1327;
			productRefGroup = 03DE2FCC1C8F7A4000BF1327 /* Products */;
			projectDirPath = "";
			projectRoot = "";
			targets = (
				03DE2FCA1C8F7A4000BF1327 /* Sincding */,
				03DE2FDB1C8F7A4000BF1327 /* SincdingTests */,
			);
		};
/* End PBXProject section */

/* Begin PBXResourcesBuildPhase section */
		03DE2FC91C8F7A4000BF1327 /* Resources */ = {
			isa = PBXResourcesBuildPhase;
			buildActionMask = 2147483647;
			files = (
				03DE2FD31C8F7A4000BF1327 /* Assets.xcassets in Resources */,
				03A398B91CB17B1600E3EE76 /* Appcast.xml in Resources */,
				03DE2FD61C8F7A4000BF1327 /* Main.storyboard in Resources */,
			);
			runOnlyForDeploymentPostprocessing = 0;
		};
		03DE2FDA1C8F7A4000BF1327 /* Resources */ = {
			isa = PBXResourcesBuildPhase;
			buildActionMask = 2147483647;
			files = (
			);
			runOnlyForDeploymentPostprocessing = 0;
		};
/* End PBXResourcesBuildPhase section */

/* Begin PBXShellScriptBuildPhase section */
		03DE2FF91C8F7BA400BF1327 /* Fabric */ = {
			isa = PBXShellScriptBuildPhase;
			buildActionMask = 2147483647;
			files = (
			);
			inputPaths = (
			);
			name = Fabric;
			outputPaths = (
			);
			runOnlyForDeploymentPostprocessing = 0;
			shellPath = /bin/sh;
			shellScript = "\"${PODS_ROOT}/Fabric/run\" 03617b9c31e45e763f5f11846f0d3d47ac30c9b5 b7d12cfa8fab46bff4c4d23f935dbdd1f615e2a36b406ad49ed39f0ed777a49b";
		};
		03DE2FFA1C8F7BAA00BF1327 /* Check TODO, FIXME, ERROR */ = {
			isa = PBXShellScriptBuildPhase;
			buildActionMask = 2147483647;
			files = (
			);
			inputPaths = (
			);
			name = "Check TODO, FIXME, ERROR";
			outputPaths = (
			);
			runOnlyForDeploymentPostprocessing = 0;
			shellPath = /bin/sh;
			shellScript = "TAGS=\"TODO:|FIXME:\"\nERRORTAG=\"ERROR:\"\nfind \"${SRCROOT}/Sincding\" \\( -name \"*.h\" -or -name \"*.m\" -or -name \"*.swift\" \\) -print0 | xargs -0 egrep --with-filename --line-number --only-matching \"($TAGS).*\\$|($ERRORTAG).*\\$\" | perl -p -e \"s/($TAGS)/ warning: \\$1/\" | perl -p -e \"s/($ERRORTAG)/ error: \\$1/\"";
		};
		233890B854A412B9CADDB3F6 /* [CP] Check Pods Manifest.lock */ = {
			isa = PBXShellScriptBuildPhase;
			buildActionMask = 2147483647;
			files = (
			);
			inputPaths = (
			);
			name = "[CP] Check Pods Manifest.lock";
			outputPaths = (
			);
			runOnlyForDeploymentPostprocessing = 0;
			shellPath = /bin/sh;
			shellScript = "diff \"${PODS_ROOT}/../Podfile.lock\" \"${PODS_ROOT}/Manifest.lock\" > /dev/null\nif [[ $? != 0 ]] ; then\n    cat << EOM\nerror: The sandbox is not in sync with the Podfile.lock. Run 'pod install' or update your CocoaPods installation.\nEOM\n    exit 1\nfi\n";
			showEnvVarsInLog = 0;
		};
		250E923568706DB3BB6D8DA5 /* [CP] Embed Pods Frameworks */ = {
			isa = PBXShellScriptBuildPhase;
			buildActionMask = 2147483647;
			files = (
			);
			inputPaths = (
			);
			name = "[CP] Embed Pods Frameworks";
			outputPaths = (
			);
			runOnlyForDeploymentPostprocessing = 0;
			shellPath = /bin/sh;
			shellScript = "\"${SRCROOT}/Pods/Target Support Files/Pods-Sincding/Pods-Sincding-frameworks.sh\"\n";
			showEnvVarsInLog = 0;
		};
		78D9853E66A5A1369C344897 /* [CP] Copy Pods Resources */ = {
			isa = PBXShellScriptBuildPhase;
			buildActionMask = 2147483647;
			files = (
			);
			inputPaths = (
			);
			name = "[CP] Copy Pods Resources";
			outputPaths = (
			);
			runOnlyForDeploymentPostprocessing = 0;
			shellPath = /bin/sh;
			shellScript = "\"${SRCROOT}/Pods/Target Support Files/Pods-SincdingTests/Pods-SincdingTests-resources.sh\"\n";
			showEnvVarsInLog = 0;
		};
		87B6E69E4EDC212D1C5CB220 /* [CP] Check Pods Manifest.lock */ = {
			isa = PBXShellScriptBuildPhase;
			buildActionMask = 2147483647;
			files = (
			);
			inputPaths = (
			);
			name = "[CP] Check Pods Manifest.lock";
			outputPaths = (
			);
			runOnlyForDeploymentPostprocessing = 0;
			shellPath = /bin/sh;
			shellScript = "diff \"${PODS_ROOT}/../Podfile.lock\" \"${PODS_ROOT}/Manifest.lock\" > /dev/null\nif [[ $? != 0 ]] ; then\n    cat << EOM\nerror: The sandbox is not in sync with the Podfile.lock. Run 'pod install' or update your CocoaPods installation.\nEOM\n    exit 1\nfi\n";
			showEnvVarsInLog = 0;
		};
		D0E21D9FFD59610FD64C208F /* [CP] Embed Pods Frameworks */ = {
			isa = PBXShellScriptBuildPhase;
			buildActionMask = 2147483647;
			files = (
			);
			inputPaths = (
			);
			name = "[CP] Embed Pods Frameworks";
			outputPaths = (
			);
			runOnlyForDeploymentPostprocessing = 0;
			shellPath = /bin/sh;
			shellScript = "\"${SRCROOT}/Pods/Target Support Files/Pods-SincdingTests/Pods-SincdingTests-frameworks.sh\"\n";
			showEnvVarsInLog = 0;
		};
		DD67333DBE3C30B1FB323AE8 /* [CP] Copy Pods Resources */ = {
			isa = PBXShellScriptBuildPhase;
			buildActionMask = 2147483647;
			files = (
			);
			inputPaths = (
			);
			name = "[CP] Copy Pods Resources";
			outputPaths = (
			);
			runOnlyForDeploymentPostprocessing = 0;
			shellPath = /bin/sh;
			shellScript = "\"${SRCROOT}/Pods/Target Support Files/Pods-Sincding/Pods-Sincding-resources.sh\"\n";
			showEnvVarsInLog = 0;
		};
/* End PBXShellScriptBuildPhase section */

/* Begin PBXSourcesBuildPhase section */
		03DE2FC71C8F7A4000BF1327 /* Sources */ = {
			isa = PBXSourcesBuildPhase;
			buildActionMask = 2147483647;
			files = (
				03DE2FFF1C8F874E00BF1327 /* SidingParser.swift in Sources */,
				03F9C8581C90D61D005D67B3 /* LogViewController.swift in Sources */,
				03DE30011C8FA87C00BF1327 /* File.swift in Sources */,
				036F14901C95090900462FBE /* SidingParserDelegate.swift in Sources */,
				036F148E1C95088500462FBE /* Extensions.swift in Sources */,
				036F148C1C95082D00462FBE /* Segue.swift in Sources */,
				0324FF0C1D372968003E72F3 /* Settings.swift in Sources */,
				03DE2FD11C8F7A4000BF1327 /* MainViewController.swift in Sources */,
				03DE2FCF1C8F7A4000BF1327 /* AppDelegate.swift in Sources */,
				036F14921C95102400462FBE /* Utilities.swift in Sources */,
				036F148A1C95081100462FBE /* Constants.swift in Sources */,
				0324FF0A1D3728D6003E72F3 /* MainViewModel.swift in Sources */,
			);
			runOnlyForDeploymentPostprocessing = 0;
		};
		03DE2FD81C8F7A4000BF1327 /* Sources */ = {
			isa = PBXSourcesBuildPhase;
			buildActionMask = 2147483647;
			files = (
				03DE2FE11C8F7A4000BF1327 /* SincdingTests.swift in Sources */,
			);
			runOnlyForDeploymentPostprocessing = 0;
		};
/* End PBXSourcesBuildPhase section */

/* Begin PBXTargetDependency section */
		03DE2FDE1C8F7A4000BF1327 /* PBXTargetDependency */ = {
			isa = PBXTargetDependency;
			target = 03DE2FCA1C8F7A4000BF1327 /* Sincding */;
			targetProxy = 03DE2FDD1C8F7A4000BF1327 /* PBXContainerItemProxy */;
		};
/* End PBXTargetDependency section */

/* Begin PBXVariantGroup section */
		03DE2FD41C8F7A4000BF1327 /* Main.storyboard */ = {
			isa = PBXVariantGroup;
			children = (
				03DE2FD51C8F7A4000BF1327 /* Base */,
			);
			name = Main.storyboard;
			sourceTree = "<group>";
		};
/* End PBXVariantGroup section */

/* Begin XCBuildConfiguration section */
		03DE2FEE1C8F7A4000BF1327 /* Debug */ = {
			isa = XCBuildConfiguration;
			buildSettings = {
				ALWAYS_SEARCH_USER_PATHS = NO;
				CLANG_CXX_LANGUAGE_STANDARD = "gnu++0x";
				CLANG_CXX_LIBRARY = "libc++";
				CLANG_ENABLE_MODULES = YES;
				CLANG_ENABLE_OBJC_ARC = YES;
				CLANG_WARN_BOOL_CONVERSION = YES;
				CLANG_WARN_CONSTANT_CONVERSION = YES;
				CLANG_WARN_DIRECT_OBJC_ISA_USAGE = YES_ERROR;
				CLANG_WARN_EMPTY_BODY = YES;
				CLANG_WARN_ENUM_CONVERSION = YES;
				CLANG_WARN_INT_CONVERSION = YES;
				CLANG_WARN_OBJC_ROOT_CLASS = YES_ERROR;
				CLANG_WARN_UNREACHABLE_CODE = YES;
				CLANG_WARN__DUPLICATE_METHOD_MATCH = YES;
				CODE_SIGN_IDENTITY = "";
				COPY_PHASE_STRIP = NO;
				DEBUG_INFORMATION_FORMAT = "dwarf-with-dsym";
				ENABLE_STRICT_OBJC_MSGSEND = YES;
				ENABLE_TESTABILITY = YES;
				GCC_C_LANGUAGE_STANDARD = gnu99;
				GCC_DYNAMIC_NO_PIC = NO;
				GCC_NO_COMMON_BLOCKS = YES;
				GCC_OPTIMIZATION_LEVEL = 0;
				GCC_PREPROCESSOR_DEFINITIONS = (
					"DEBUG=1",
					"$(inherited)",
				);
				GCC_WARN_64_TO_32_BIT_CONVERSION = YES;
				GCC_WARN_ABOUT_RETURN_TYPE = YES_ERROR;
				GCC_WARN_UNDECLARED_SELECTOR = YES;
				GCC_WARN_UNINITIALIZED_AUTOS = YES_AGGRESSIVE;
				GCC_WARN_UNUSED_FUNCTION = YES;
				GCC_WARN_UNUSED_VARIABLE = YES;
				MACOSX_DEPLOYMENT_TARGET = 10.11;
				MTL_ENABLE_DEBUG_INFO = YES;
				ONLY_ACTIVE_ARCH = YES;
				SDKROOT = macosx;
				SWIFT_OPTIMIZATION_LEVEL = "-Onone";
			};
			name = Debug;
		};
		03DE2FEF1C8F7A4000BF1327 /* Release */ = {
			isa = XCBuildConfiguration;
			buildSettings = {
				ALWAYS_SEARCH_USER_PATHS = NO;
				CLANG_CXX_LANGUAGE_STANDARD = "gnu++0x";
				CLANG_CXX_LIBRARY = "libc++";
				CLANG_ENABLE_MODULES = YES;
				CLANG_ENABLE_OBJC_ARC = YES;
				CLANG_WARN_BOOL_CONVERSION = YES;
				CLANG_WARN_CONSTANT_CONVERSION = YES;
				CLANG_WARN_DIRECT_OBJC_ISA_USAGE = YES_ERROR;
				CLANG_WARN_EMPTY_BODY = YES;
				CLANG_WARN_ENUM_CONVERSION = YES;
				CLANG_WARN_INT_CONVERSION = YES;
				CLANG_WARN_OBJC_ROOT_CLASS = YES_ERROR;
				CLANG_WARN_UNREACHABLE_CODE = YES;
				CLANG_WARN__DUPLICATE_METHOD_MATCH = YES;
				CODE_SIGN_IDENTITY = "";
				COPY_PHASE_STRIP = NO;
				DEBUG_INFORMATION_FORMAT = "dwarf-with-dsym";
				ENABLE_NS_ASSERTIONS = NO;
				ENABLE_STRICT_OBJC_MSGSEND = YES;
				GCC_C_LANGUAGE_STANDARD = gnu99;
				GCC_NO_COMMON_BLOCKS = YES;
				GCC_WARN_64_TO_32_BIT_CONVERSION = YES;
				GCC_WARN_ABOUT_RETURN_TYPE = YES_ERROR;
				GCC_WARN_UNDECLARED_SELECTOR = YES;
				GCC_WARN_UNINITIALIZED_AUTOS = YES_AGGRESSIVE;
				GCC_WARN_UNUSED_FUNCTION = YES;
				GCC_WARN_UNUSED_VARIABLE = YES;
				MACOSX_DEPLOYMENT_TARGET = 10.11;
				MTL_ENABLE_DEBUG_INFO = NO;
				SDKROOT = macosx;
			};
			name = Release;
		};
		03DE2FF11C8F7A4000BF1327 /* Debug */ = {
			isa = XCBuildConfiguration;
			baseConfigurationReference = 476F61C78455DD62E2AC8958 /* Pods-Sincding.debug.xcconfig */;
			buildSettings = {
				ASSETCATALOG_COMPILER_APPICON_NAME = AppIcon;
				CODE_SIGN_IDENTITY = "Mac Developer";
				"CODE_SIGN_IDENTITY[sdk=macosx*]" = "3rd Party Mac Developer Application";
				COMBINE_HIDPI_IMAGES = YES;
				INFOPLIST_FILE = Sincding/Info.plist;
				LD_RUNPATH_SEARCH_PATHS = "$(inherited) @executable_path/../Frameworks";
				OTHER_SWIFT_FLAGS = "$(inherited) \"-D\" \"COCOAPODS\" -D DEBUG";
				PRODUCT_BUNDLE_IDENTIFIER = com.negebauer.sincding;
				PRODUCT_NAME = Sincding;
				PROVISIONING_PROFILE = "";
			};
			name = Debug;
		};
		03DE2FF21C8F7A4000BF1327 /* Release */ = {
			isa = XCBuildConfiguration;
			baseConfigurationReference = 3569677F2E7E6B948BFA080D /* Pods-Sincding.release.xcconfig */;
			buildSettings = {
				ASSETCATALOG_COMPILER_APPICON_NAME = AppIcon;
				CODE_SIGN_IDENTITY = "Mac Developer";
				"CODE_SIGN_IDENTITY[sdk=macosx*]" = "3rd Party Mac Developer Application";
				COMBINE_HIDPI_IMAGES = YES;
				INFOPLIST_FILE = Sincding/Info.plist;
				LD_RUNPATH_SEARCH_PATHS = "$(inherited) @executable_path/../Frameworks";
				OTHER_SWIFT_FLAGS = "$(inherited) \"-D\" \"COCOAPODS\" -D RELEASE";
				PRODUCT_BUNDLE_IDENTIFIER = com.negebauer.sincding;
				PRODUCT_NAME = Sincding;
				PROVISIONING_PROFILE = "";
			};
			name = Release;
		};
		03DE2FF41C8F7A4000BF1327 /* Debug */ = {
			isa = XCBuildConfiguration;
			baseConfigurationReference = D12762434AEB813DD3F6E9C9 /* Pods-SincdingTests.debug.xcconfig */;
			buildSettings = {
				BUNDLE_LOADER = "$(TEST_HOST)";
				COMBINE_HIDPI_IMAGES = YES;
				INFOPLIST_FILE = SincdingTests/Info.plist;
				LD_RUNPATH_SEARCH_PATHS = "$(inherited) @executable_path/../Frameworks @loader_path/../Frameworks";
				PRODUCT_BUNDLE_IDENTIFIER = com.negebauer.SincdingTests;
				PRODUCT_NAME = Sincding;
				TEST_HOST = "$(BUILT_PRODUCTS_DIR)/Sincding.temp_caseinsensitive_rename.app/Contents/MacOS/Sincding.temp_caseinsensitive_rename";
			};
			name = Debug;
		};
		03DE2FF51C8F7A4000BF1327 /* Release */ = {
			isa = XCBuildConfiguration;
			baseConfigurationReference = D84C0734308CE2A3F1B78557 /* Pods-SincdingTests.release.xcconfig */;
			buildSettings = {
				BUNDLE_LOADER = "$(TEST_HOST)";
				COMBINE_HIDPI_IMAGES = YES;
				INFOPLIST_FILE = SincdingTests/Info.plist;
				LD_RUNPATH_SEARCH_PATHS = "$(inherited) @executable_path/../Frameworks @loader_path/../Frameworks";
				PRODUCT_BUNDLE_IDENTIFIER = com.negebauer.SincdingTests;
				PRODUCT_NAME = Sincding;
				TEST_HOST = "$(BUILT_PRODUCTS_DIR)/Sincding.temp_caseinsensitive_rename.app/Contents/MacOS/Sincding.temp_caseinsensitive_rename";
			};
			name = Release;
		};
/* End XCBuildConfiguration section */

/* Begin XCConfigurationList section */
		03DE2FC61C8F7A4000BF1327 /* Build configuration list for PBXProject "Sincding" */ = {
			isa = XCConfigurationList;
			buildConfigurations = (
				03DE2FEE1C8F7A4000BF1327 /* Debug */,
				03DE2FEF1C8F7A4000BF1327 /* Release */,
			);
			defaultConfigurationIsVisible = 0;
			defaultConfigurationName = Release;
		};
		03DE2FF01C8F7A4000BF1327 /* Build configuration list for PBXNativeTarget "Sincding" */ = {
			isa = XCConfigurationList;
			buildConfigurations = (
				03DE2FF11C8F7A4000BF1327 /* Debug */,
				03DE2FF21C8F7A4000BF1327 /* Release */,
			);
			defaultConfigurationIsVisible = 0;
			defaultConfigurationName = Release;
		};
		03DE2FF31C8F7A4000BF1327 /* Build configuration list for PBXNativeTarget "SincdingTests" */ = {
			isa = XCConfigurationList;
			buildConfigurations = (
				03DE2FF41C8F7A4000BF1327 /* Debug */,
				03DE2FF51C8F7A4000BF1327 /* Release */,
			);
			defaultConfigurationIsVisible = 0;
			defaultConfigurationName = Release;
		};
/* End XCConfigurationList section */
	};
	rootObject = 03DE2FC31C8F7A4000BF1327 /* Project object */;
}
